
Microsoft Visual Studio Solution File, Format Version 12.00
# Visual Studio 15
VisualStudioVersion = 15.0.27130.2036
MinimumVisualStudioVersion = 10.0.40219.1
Project("{FAE04EC0-301F-11D3-BF4B-00C04F79EFBC}") = "RevisionFyn.BI-Pro.View", "RevisionFyn.BI-Pro.View\RevisionFyn.BI-Pro.View.csproj", "{1B786038-A864-4B6D-96A1-731CA3802961}"
EndProject
Project("{9A19103F-16F7-4668-BE54-9A1E7A4F7556}") = "RevisionFyn.BI-Pro.Model", "RevisionFyn.BI-Pro.Model\RevisionFyn.BI-Pro.Model.csproj", "{9DD38965-B7FE-41BB-BAB9-679534F72F4C}"
EndProject
Project("{9A19103F-16F7-4668-BE54-9A1E7A4F7556}") = "RevisionFyn.BI-Pro.Controller", "RevisionFyn.BI-Pro.Controller\RevisionFyn.BI-Pro.Controller.csproj", "{320269D6-89CE-4BD0-9B68-D0F41C82F36B}"
EndProject
Project("{FAE04EC0-301F-11D3-BF4B-00C04F79EFBC}") = "RevisionFyn.BI-Pro.Tests", "RevisionFyn.BI-Pro.Tests\RevisionFyn.BI-Pro.Tests.csproj", "{09D8CE96-C706-4001-B573-B26A8D992E2F}"
EndProject
Global
	GlobalSection(SolutionConfigurationPlatforms) = preSolution
		Debug|Any CPU = Debug|Any CPU
		Release|Any CPU = Release|Any CPU
	EndGlobalSection
	GlobalSection(ProjectConfigurationPlatforms) = postSolution
		{1B786038-A864-4B6D-96A1-731CA3802961}.Debug|Any CPU.ActiveCfg = Debug|Any CPU
		{1B786038-A864-4B6D-96A1-731CA3802961}.Debug|Any CPU.Build.0 = Debug|Any CPU
		{1B786038-A864-4B6D-96A1-731CA3802961}.Release|Any CPU.ActiveCfg = Release|Any CPU
		{1B786038-A864-4B6D-96A1-731CA3802961}.Release|Any CPU.Build.0 = Release|Any CPU
		{9DD38965-B7FE-41BB-BAB9-679534F72F4C}.Debug|Any CPU.ActiveCfg = Debug|Any CPU
		{9DD38965-B7FE-41BB-BAB9-679534F72F4C}.Debug|Any CPU.Build.0 = Debug|Any CPU
		{9DD38965-B7FE-41BB-BAB9-679534F72F4C}.Release|Any CPU.ActiveCfg = Release|Any CPU
		{9DD38965-B7FE-41BB-BAB9-679534F72F4C}.Release|Any CPU.Build.0 = Release|Any CPU
		{320269D6-89CE-4BD0-9B68-D0F41C82F36B}.Debug|Any CPU.ActiveCfg = Debug|Any CPU
		{320269D6-89CE-4BD0-9B68-D0F41C82F36B}.Debug|Any CPU.Build.0 = Debug|Any CPU
		{320269D6-89CE-4BD0-9B68-D0F41C82F36B}.Release|Any CPU.ActiveCfg = Release|Any CPU
		{320269D6-89CE-4BD0-9B68-D0F41C82F36B}.Release|Any CPU.Build.0 = Release|Any CPU
		{09D8CE96-C706-4001-B573-B26A8D992E2F}.Debug|Any CPU.ActiveCfg = Debug|Any CPU
		{09D8CE96-C706-4001-B573-B26A8D992E2F}.Debug|Any CPU.Build.0 = Debug|Any CPU
		{09D8CE96-C706-4001-B573-B26A8D992E2F}.Release|Any CPU.ActiveCfg = Release|Any CPU
		{09D8CE96-C706-4001-B573-B26A8D992E2F}.Release|Any CPU.Build.0 = Release|Any CPU
	EndGlobalSection
	GlobalSection(SolutionProperties) = preSolution
		HideSolutionNode = FALSE
	EndGlobalSection
	GlobalSection(ExtensibilityGlobals) = postSolution
		SolutionGuid = {C989BAD9-1F41-49B1-BE5E-73CF46B5580D}
	EndGlobalSection
EndGlobal
